// !$*UTF8*$!
{
	archiveVersion = 1;
	classes = {
	};
	objectVersion = 55;
	objects = {

/* Begin PBXBuildFile section */
		F009023827EDB6AE00E343B0 /* LiveTimeView.swift in Sources */ = {isa = PBXBuildFile; fileRef = F009023727EDB6AE00E343B0 /* LiveTimeView.swift */; };
		F009023A27EDB85100E343B0 /* LiveViewToolbar.swift in Sources */ = {isa = PBXBuildFile; fileRef = F009023927EDB85100E343B0 /* LiveViewToolbar.swift */; };
		F009023B27EE255B00E343B0 /* Localizable.strings in Resources */ = {isa = PBXBuildFile; fileRef = F009023D27EE255B00E343B0 /* Localizable.strings */; };
		F009024027EE57BA00E343B0 /* LinkedVideoView.swift in Sources */ = {isa = PBXBuildFile; fileRef = F009023F27EE57BA00E343B0 /* LinkedVideoView.swift */; };
		F009024427EE5F3100E343B0 /* UpcomingTimeView.swift in Sources */ = {isa = PBXBuildFile; fileRef = F009024327EE5F3100E343B0 /* UpcomingTimeView.swift */; };
		F009024627EE6A9F00E343B0 /* VideoContextMenu.swift in Sources */ = {isa = PBXBuildFile; fileRef = F009024527EE6A9F00E343B0 /* VideoContextMenu.swift */; };
		F0114D4F2815F81600B99D4D /* DataStatusIndicatorView.swift in Sources */ = {isa = PBXBuildFile; fileRef = F0114D4E2815F81600B99D4D /* DataStatusIndicatorView.swift */; };
		F0433C4E27E99F85000FEADD /* SettingsView.swift in Sources */ = {isa = PBXBuildFile; fileRef = F0433C4D27E99F85000FEADD /* SettingsView.swift */; };
		F0433C5227EAEDDB000FEADD /* OpenSourceView.swift in Sources */ = {isa = PBXBuildFile; fileRef = F0433C5127EAEDDB000FEADD /* OpenSourceView.swift */; };
		F058189A281BFFDA0064EF94 /* SectionedNotFavouritedForEachView.swift in Sources */ = {isa = PBXBuildFile; fileRef = F0581899281BFFDA0064EF94 /* SectionedNotFavouritedForEachView.swift */; };
		F05818A2281CAAF50064EF94 /* HoloCalUITests.swift in Sources */ = {isa = PBXBuildFile; fileRef = F05818A1281CAAF50064EF94 /* HoloCalUITests.swift */; };
		F05818A4281CAAF50064EF94 /* HoloCalUITestsLaunchTests.swift in Sources */ = {isa = PBXBuildFile; fileRef = F05818A3281CAAF50064EF94 /* HoloCalUITestsLaunchTests.swift */; };
		F05E9EB327EB27F800EF48DD /* LiveiPadView.swift in Sources */ = {isa = PBXBuildFile; fileRef = F05E9EB227EB27F800EF48DD /* LiveiPadView.swift */; };
		F05E9EB527EB290000EF48DD /* UpcomingiPadView.swift in Sources */ = {isa = PBXBuildFile; fileRef = F05E9EB427EB290000EF48DD /* UpcomingiPadView.swift */; };
		F05E9EB727EB291900EF48DD /* SettingsiPadView.swift in Sources */ = {isa = PBXBuildFile; fileRef = F05E9EB627EB291900EF48DD /* SettingsiPadView.swift */; };
		F05E9EB927EB3C6100EF48DD /* LivePaneView.swift in Sources */ = {isa = PBXBuildFile; fileRef = F05E9EB827EB3C6100EF48DD /* LivePaneView.swift */; };
		F0673C0E27732BA3009C65C6 /* UpcomingView.swift in Sources */ = {isa = PBXBuildFile; fileRef = F0673C0D27732BA3009C65C6 /* UpcomingView.swift */; };
		F0673C1227732CE7009C65C6 /* UpcomingCellView.swift in Sources */ = {isa = PBXBuildFile; fileRef = F0673C1127732CE7009C65C6 /* UpcomingCellView.swift */; };
		F0673C172775F7FB009C65C6 /* LiveAvatarView.swift in Sources */ = {isa = PBXBuildFile; fileRef = F0673C162775F7FB009C65C6 /* LiveAvatarView.swift */; };
		F080A04F27F95D9E00DBC08D /* Talents.swift in Sources */ = {isa = PBXBuildFile; fileRef = F080A04E27F95D9E00DBC08D /* Talents.swift */; };
		F080A05127F993DC00DBC08D /* ManageFavoriteView.swift in Sources */ = {isa = PBXBuildFile; fileRef = F080A05027F993DC00DBC08D /* ManageFavoriteView.swift */; };
		F0954BDE2817B73E00369EC4 /* SearchSectionView.swift in Sources */ = {isa = PBXBuildFile; fileRef = F0954BDD2817B73E00369EC4 /* SearchSectionView.swift */; };
		F0954BE02817C01900369EC4 /* SearchForEachView.swift in Sources */ = {isa = PBXBuildFile; fileRef = F0954BDF2817C01900369EC4 /* SearchForEachView.swift */; };
		F0954BE22817C52700369EC4 /* FavouritedForEachView.swift in Sources */ = {isa = PBXBuildFile; fileRef = F0954BE12817C52700369EC4 /* FavouritedForEachView.swift */; };
		F0954BE62817C8BF00369EC4 /* NotFavouritedForEachView.swift in Sources */ = {isa = PBXBuildFile; fileRef = F0954BE52817C8BF00369EC4 /* NotFavouritedForEachView.swift */; };
		F0954BE82817CD7800369EC4 /* CardListView.swift in Sources */ = {isa = PBXBuildFile; fileRef = F0954BE72817CD7800369EC4 /* CardListView.swift */; };
		F0954BEA2817D0C500369EC4 /* CompactListView.swift in Sources */ = {isa = PBXBuildFile; fileRef = F0954BE92817D0C500369EC4 /* CompactListView.swift */; };
		F0954BEC2817D63100369EC4 /* VideoListView.swift in Sources */ = {isa = PBXBuildFile; fileRef = F0954BEB2817D63100369EC4 /* VideoListView.swift */; };
		F09D25BE27FC2552001A7D71 /* SettingsTalentStarView.swift in Sources */ = {isa = PBXBuildFile; fileRef = F09D25BD27FC2552001A7D71 /* SettingsTalentStarView.swift */; };
		F09D25C127FEBA2E001A7D71 /* Algorithms in Frameworks */ = {isa = PBXBuildFile; productRef = F09D25C027FEBA2E001A7D71 /* Algorithms */; };
		F09D25C327FEC12D001A7D71 /* SettingsFormView.swift in Sources */ = {isa = PBXBuildFile; fileRef = F09D25C227FEC12D001A7D71 /* SettingsFormView.swift */; };
		F09D25C928020B12001A7D71 /* UpcomingViewToolbar.swift in Sources */ = {isa = PBXBuildFile; fileRef = F09D25C828020B12001A7D71 /* UpcomingViewToolbar.swift */; };
		F09D25E52802EA09001A7D71 /* SwipableLinkedCellView.swift in Sources */ = {isa = PBXBuildFile; fileRef = F09D25E42802EA09001A7D71 /* SwipableLinkedCellView.swift */; };
		F09D25F328041CC3001A7D71 /* iPadSidebarView.swift in Sources */ = {isa = PBXBuildFile; fileRef = F09D25F228041CC3001A7D71 /* iPadSidebarView.swift */; };
		F0A5B7BC282112FF004E319F /* ManageGenerationView.swift in Sources */ = {isa = PBXBuildFile; fileRef = F0A5B7BB282112FF004E319F /* ManageGenerationView.swift */; };
		F0B8E1CD27E90EBA00DC7CF9 /* HTMLString in Frameworks */ = {isa = PBXBuildFile; productRef = F0B8E1CC27E90EBA00DC7CF9 /* HTMLString */; };
		F0BD611B27EC594300A2FBED /* UpcomingPaneView.swift in Sources */ = {isa = PBXBuildFile; fileRef = F0BD611A27EC594300A2FBED /* UpcomingPaneView.swift */; };
		F0C50A1D2827C4CA00A93225 /* LiveCountView.swift in Sources */ = {isa = PBXBuildFile; fileRef = F0C50A1C2827C4CA00A93225 /* LiveCountView.swift */; };
		F0C50A1F2827C6FA00A93225 /* UpcomingCountView.swift in Sources */ = {isa = PBXBuildFile; fileRef = F0C50A1E2827C6FA00A93225 /* UpcomingCountView.swift */; };
		F0C657BB2771F47C004AF802 /* holo_wtfApp.swift in Sources */ = {isa = PBXBuildFile; fileRef = F0C657BA2771F47C004AF802 /* holo_wtfApp.swift */; };
		F0C657BD2771F47C004AF802 /* LiveView.swift in Sources */ = {isa = PBXBuildFile; fileRef = F0C657BC2771F47C004AF802 /* LiveView.swift */; };
		F0C657BF2771F47C004AF802 /* Assets.xcassets in Resources */ = {isa = PBXBuildFile; fileRef = F0C657BE2771F47C004AF802 /* Assets.xcassets */; };
		F0C657C22771F47C004AF802 /* Preview Assets.xcassets in Resources */ = {isa = PBXBuildFile; fileRef = F0C657C12771F47C004AF802 /* Preview Assets.xcassets */; };
		F0C657D22771F7CE004AF802 /* LiveCellView.swift in Sources */ = {isa = PBXBuildFile; fileRef = F0C657D12771F7CE004AF802 /* LiveCellView.swift */; };
		F0C657D627732690004AF802 /* Util.swift in Sources */ = {isa = PBXBuildFile; fileRef = F0C657D527732690004AF802 /* Util.swift */; };
		F0EB53AC28107C0D0024E089 /* MarqueeText in Frameworks */ = {isa = PBXBuildFile; productRef = F0EB53AB28107C0D0024E089 /* MarqueeText */; };
		F0EB53B0281290490024E089 /* PaneViewButtonRowView.swift in Sources */ = {isa = PBXBuildFile; fileRef = F0EB53AF281290490024E089 /* PaneViewButtonRowView.swift */; };
		F0EB53B22812A2E90024E089 /* EventEditView.swift in Sources */ = {isa = PBXBuildFile; fileRef = F0EB53B12812A2E90024E089 /* EventEditView.swift */; };
		F0EB53B62812BD6F0024E089 /* FavouriteButton.swift in Sources */ = {isa = PBXBuildFile; fileRef = F0EB53B52812BD6F0024E089 /* FavouriteButton.swift */; };
		F0EB53B82812BEAD0024E089 /* ShareButton.swift in Sources */ = {isa = PBXBuildFile; fileRef = F0EB53B72812BEAD0024E089 /* ShareButton.swift */; };
		F0EB53BB2812C2490024E089 /* ActivityView in Frameworks */ = {isa = PBXBuildFile; productRef = F0EB53BA2812C2490024E089 /* ActivityView */; };
		F0EB53BD2812C5680024E089 /* OldShareButton.swift in Sources */ = {isa = PBXBuildFile; fileRef = F0EB53BC2812C5680024E089 /* OldShareButton.swift */; };
		F0ED2AE22806858300683E6C /* Channel.swift in Sources */ = {isa = PBXBuildFile; fileRef = F0ED2AE12806858300683E6C /* Channel.swift */; };
		F0ED2AE4280685FD00683E6C /* LiveVideo.swift in Sources */ = {isa = PBXBuildFile; fileRef = F0ED2AE3280685FD00683E6C /* LiveVideo.swift */; };
		F0ED2AE62808253700683E6C /* VideoThumbnailView.swift in Sources */ = {isa = PBXBuildFile; fileRef = F0ED2AE52808253700683E6C /* VideoThumbnailView.swift */; };
		F0ED2AE8280AA2BC00683E6C /* LiveCompactListView.swift in Sources */ = {isa = PBXBuildFile; fileRef = F0ED2AE7280AA2BC00683E6C /* LiveCompactListView.swift */; };
		F0ED2AEA280AA37B00683E6C /* LiveCardListView.swift in Sources */ = {isa = PBXBuildFile; fileRef = F0ED2AE9280AA37B00683E6C /* LiveCardListView.swift */; };
		F0ED2AEC280AA7D400683E6C /* UpcomingCompactListView.swift in Sources */ = {isa = PBXBuildFile; fileRef = F0ED2AEB280AA7D400683E6C /* UpcomingCompactListView.swift */; };
		F0ED2AEE280AA91E00683E6C /* UpcomingCardListView.swift in Sources */ = {isa = PBXBuildFile; fileRef = F0ED2AED280AA91E00683E6C /* UpcomingCardListView.swift */; };
		F0ED2AF0280AC27400683E6C /* LiveViewModel.swift in Sources */ = {isa = PBXBuildFile; fileRef = F0ED2AEF280AC27400683E6C /* LiveViewModel.swift */; };
		F0ED2AF3280AD60D00683E6C /* UpcomingViewModel.swift in Sources */ = {isa = PBXBuildFile; fileRef = F0ED2AF2280AD60D00683E6C /* UpcomingViewModel.swift */; };
		F0ED2AF5280B606400683E6C /* .gitignore in Resources */ = {isa = PBXBuildFile; fileRef = F0ED2AF4280B606400683E6C /* .gitignore */; };
		F0ED2AF7280B640200683E6C /* VideoViewModel.swift in Sources */ = {isa = PBXBuildFile; fileRef = F0ED2AF6280B640200683E6C /* VideoViewModel.swift */; };
		F0ED2B13280CB73D00683E6C /* TopicTagView.swift in Sources */ = {isa = PBXBuildFile; fileRef = F0ED2B12280CB73D00683E6C /* TopicTagView.swift */; };
/* End PBXBuildFile section */

/* Begin PBXContainerItemProxy section */
		F05818A5281CAAF50064EF94 /* PBXContainerItemProxy */ = {
			isa = PBXContainerItemProxy;
			containerPortal = F0C657AF2771F47C004AF802 /* Project object */;
			proxyType = 1;
			remoteGlobalIDString = F0C657B62771F47C004AF802;
			remoteInfo = "holo-wtf";
		};
/* End PBXContainerItemProxy section */

/* Begin PBXFileReference section */
		F009023727EDB6AE00E343B0 /* LiveTimeView.swift */ = {isa = PBXFileReference; lastKnownFileType = sourcecode.swift; path = LiveTimeView.swift; sourceTree = "<group>"; };
		F009023927EDB85100E343B0 /* LiveViewToolbar.swift */ = {isa = PBXFileReference; lastKnownFileType = sourcecode.swift; path = LiveViewToolbar.swift; sourceTree = "<group>"; };
		F009023C27EE255B00E343B0 /* ja */ = {isa = PBXFileReference; lastKnownFileType = text.plist.strings; name = ja; path = ja.lproj/Localizable.strings; sourceTree = "<group>"; };
		F009023E27EE258500E343B0 /* en */ = {isa = PBXFileReference; lastKnownFileType = text.plist.strings; name = en; path = en.lproj/Localizable.strings; sourceTree = "<group>"; };
		F009023F27EE57BA00E343B0 /* LinkedVideoView.swift */ = {isa = PBXFileReference; lastKnownFileType = sourcecode.swift; path = LinkedVideoView.swift; sourceTree = "<group>"; };
		F009024327EE5F3100E343B0 /* UpcomingTimeView.swift */ = {isa = PBXFileReference; lastKnownFileType = sourcecode.swift; path = UpcomingTimeView.swift; sourceTree = "<group>"; };
		F009024527EE6A9F00E343B0 /* VideoContextMenu.swift */ = {isa = PBXFileReference; lastKnownFileType = sourcecode.swift; path = VideoContextMenu.swift; sourceTree = "<group>"; };
		F0114D4E2815F81600B99D4D /* DataStatusIndicatorView.swift */ = {isa = PBXFileReference; lastKnownFileType = sourcecode.swift; path = DataStatusIndicatorView.swift; sourceTree = "<group>"; };
		F0204DB827E91A920083750F /* Info.plist */ = {isa = PBXFileReference; lastKnownFileType = text.plist; path = Info.plist; sourceTree = "<group>"; };
		F0204DB927E925220083750F /* PRIVACY-POLICY.md */ = {isa = PBXFileReference; lastKnownFileType = net.daringfireball.markdown; path = "PRIVACY-POLICY.md"; sourceTree = "<group>"; };
		F0433C4D27E99F85000FEADD /* SettingsView.swift */ = {isa = PBXFileReference; lastKnownFileType = sourcecode.swift; path = SettingsView.swift; sourceTree = "<group>"; };
		F0433C5127EAEDDB000FEADD /* OpenSourceView.swift */ = {isa = PBXFileReference; lastKnownFileType = sourcecode.swift; path = OpenSourceView.swift; sourceTree = "<group>"; };
		F0581899281BFFDA0064EF94 /* SectionedNotFavouritedForEachView.swift */ = {isa = PBXFileReference; lastKnownFileType = sourcecode.swift; path = SectionedNotFavouritedForEachView.swift; sourceTree = "<group>"; };
		F058189F281CAAF50064EF94 /* HoloCalUITests.xctest */ = {isa = PBXFileReference; explicitFileType = wrapper.cfbundle; includeInIndex = 0; path = HoloCalUITests.xctest; sourceTree = BUILT_PRODUCTS_DIR; };
		F05818A1281CAAF50064EF94 /* HoloCalUITests.swift */ = {isa = PBXFileReference; lastKnownFileType = sourcecode.swift; path = HoloCalUITests.swift; sourceTree = "<group>"; };
		F05818A3281CAAF50064EF94 /* HoloCalUITestsLaunchTests.swift */ = {isa = PBXFileReference; lastKnownFileType = sourcecode.swift; path = HoloCalUITestsLaunchTests.swift; sourceTree = "<group>"; };
		F05E9EB227EB27F800EF48DD /* LiveiPadView.swift */ = {isa = PBXFileReference; lastKnownFileType = sourcecode.swift; path = LiveiPadView.swift; sourceTree = "<group>"; };
		F05E9EB427EB290000EF48DD /* UpcomingiPadView.swift */ = {isa = PBXFileReference; lastKnownFileType = sourcecode.swift; path = UpcomingiPadView.swift; sourceTree = "<group>"; };
		F05E9EB627EB291900EF48DD /* SettingsiPadView.swift */ = {isa = PBXFileReference; lastKnownFileType = sourcecode.swift; path = SettingsiPadView.swift; sourceTree = "<group>"; };
		F05E9EB827EB3C6100EF48DD /* LivePaneView.swift */ = {isa = PBXFileReference; lastKnownFileType = sourcecode.swift; path = LivePaneView.swift; sourceTree = "<group>"; };
		F0673C0D27732BA3009C65C6 /* UpcomingView.swift */ = {isa = PBXFileReference; lastKnownFileType = sourcecode.swift; path = UpcomingView.swift; sourceTree = "<group>"; };
		F0673C1127732CE7009C65C6 /* UpcomingCellView.swift */ = {isa = PBXFileReference; lastKnownFileType = sourcecode.swift; path = UpcomingCellView.swift; sourceTree = "<group>"; };
		F0673C162775F7FB009C65C6 /* LiveAvatarView.swift */ = {isa = PBXFileReference; lastKnownFileType = sourcecode.swift; path = LiveAvatarView.swift; sourceTree = "<group>"; };
		F080A04E27F95D9E00DBC08D /* Talents.swift */ = {isa = PBXFileReference; lastKnownFileType = sourcecode.swift; path = Talents.swift; sourceTree = "<group>"; };
		F080A05027F993DC00DBC08D /* ManageFavoriteView.swift */ = {isa = PBXFileReference; lastKnownFileType = sourcecode.swift; path = ManageFavoriteView.swift; sourceTree = "<group>"; };
		F0954BDD2817B73E00369EC4 /* SearchSectionView.swift */ = {isa = PBXFileReference; lastKnownFileType = sourcecode.swift; path = SearchSectionView.swift; sourceTree = "<group>"; };
		F0954BDF2817C01900369EC4 /* SearchForEachView.swift */ = {isa = PBXFileReference; lastKnownFileType = sourcecode.swift; path = SearchForEachView.swift; sourceTree = "<group>"; };
		F0954BE12817C52700369EC4 /* FavouritedForEachView.swift */ = {isa = PBXFileReference; lastKnownFileType = sourcecode.swift; path = FavouritedForEachView.swift; sourceTree = "<group>"; };
		F0954BE52817C8BF00369EC4 /* NotFavouritedForEachView.swift */ = {isa = PBXFileReference; lastKnownFileType = sourcecode.swift; path = NotFavouritedForEachView.swift; sourceTree = "<group>"; };
		F0954BE72817CD7800369EC4 /* CardListView.swift */ = {isa = PBXFileReference; lastKnownFileType = sourcecode.swift; path = CardListView.swift; sourceTree = "<group>"; };
		F0954BE92817D0C500369EC4 /* CompactListView.swift */ = {isa = PBXFileReference; lastKnownFileType = sourcecode.swift; path = CompactListView.swift; sourceTree = "<group>"; };
		F0954BEB2817D63100369EC4 /* VideoListView.swift */ = {isa = PBXFileReference; lastKnownFileType = sourcecode.swift; path = VideoListView.swift; sourceTree = "<group>"; };
		F09D25BD27FC2552001A7D71 /* SettingsTalentStarView.swift */ = {isa = PBXFileReference; lastKnownFileType = sourcecode.swift; path = SettingsTalentStarView.swift; sourceTree = "<group>"; };
		F09D25C227FEC12D001A7D71 /* SettingsFormView.swift */ = {isa = PBXFileReference; lastKnownFileType = sourcecode.swift; path = SettingsFormView.swift; sourceTree = "<group>"; };
		F09D25C828020B12001A7D71 /* UpcomingViewToolbar.swift */ = {isa = PBXFileReference; lastKnownFileType = sourcecode.swift; path = UpcomingViewToolbar.swift; sourceTree = "<group>"; };
		F09D25E42802EA09001A7D71 /* SwipableLinkedCellView.swift */ = {isa = PBXFileReference; lastKnownFileType = sourcecode.swift; path = SwipableLinkedCellView.swift; sourceTree = "<group>"; };
		F09D25F228041CC3001A7D71 /* iPadSidebarView.swift */ = {isa = PBXFileReference; lastKnownFileType = sourcecode.swift; path = iPadSidebarView.swift; sourceTree = "<group>"; };
		F0A5B7BB282112FF004E319F /* ManageGenerationView.swift */ = {isa = PBXFileReference; lastKnownFileType = sourcecode.swift; path = ManageGenerationView.swift; sourceTree = "<group>"; };
		F0BD611A27EC594300A2FBED /* UpcomingPaneView.swift */ = {isa = PBXFileReference; lastKnownFileType = sourcecode.swift; path = UpcomingPaneView.swift; sourceTree = "<group>"; };
		F0C50A1C2827C4CA00A93225 /* LiveCountView.swift */ = {isa = PBXFileReference; lastKnownFileType = sourcecode.swift; path = LiveCountView.swift; sourceTree = "<group>"; };
		F0C50A1E2827C6FA00A93225 /* UpcomingCountView.swift */ = {isa = PBXFileReference; lastKnownFileType = sourcecode.swift; path = UpcomingCountView.swift; sourceTree = "<group>"; };
		F0C657B72771F47C004AF802 /* HoloCal.app */ = {isa = PBXFileReference; explicitFileType = wrapper.application; includeInIndex = 0; path = HoloCal.app; sourceTree = BUILT_PRODUCTS_DIR; };
		F0C657BA2771F47C004AF802 /* holo_wtfApp.swift */ = {isa = PBXFileReference; lastKnownFileType = sourcecode.swift; path = holo_wtfApp.swift; sourceTree = "<group>"; };
		F0C657BC2771F47C004AF802 /* LiveView.swift */ = {isa = PBXFileReference; lastKnownFileType = sourcecode.swift; path = LiveView.swift; sourceTree = "<group>"; };
		F0C657BE2771F47C004AF802 /* Assets.xcassets */ = {isa = PBXFileReference; lastKnownFileType = folder.assetcatalog; path = Assets.xcassets; sourceTree = "<group>"; };
		F0C657C12771F47C004AF802 /* Preview Assets.xcassets */ = {isa = PBXFileReference; lastKnownFileType = folder.assetcatalog; path = "Preview Assets.xcassets"; sourceTree = "<group>"; };
		F0C657D12771F7CE004AF802 /* LiveCellView.swift */ = {isa = PBXFileReference; lastKnownFileType = sourcecode.swift; path = LiveCellView.swift; sourceTree = "<group>"; };
		F0C657D527732690004AF802 /* Util.swift */ = {isa = PBXFileReference; lastKnownFileType = sourcecode.swift; path = Util.swift; sourceTree = "<group>"; };
		F0D3AE7027E8241C00FB28EC /* README.md */ = {isa = PBXFileReference; lastKnownFileType = net.daringfireball.markdown; path = README.md; sourceTree = "<group>"; };
		F0EB53AF281290490024E089 /* PaneViewButtonRowView.swift */ = {isa = PBXFileReference; lastKnownFileType = sourcecode.swift; path = PaneViewButtonRowView.swift; sourceTree = "<group>"; };
		F0EB53B12812A2E90024E089 /* EventEditView.swift */ = {isa = PBXFileReference; lastKnownFileType = sourcecode.swift; path = EventEditView.swift; sourceTree = "<group>"; };
		F0EB53B52812BD6F0024E089 /* FavouriteButton.swift */ = {isa = PBXFileReference; lastKnownFileType = sourcecode.swift; path = FavouriteButton.swift; sourceTree = "<group>"; };
		F0EB53B72812BEAD0024E089 /* ShareButton.swift */ = {isa = PBXFileReference; lastKnownFileType = sourcecode.swift; path = ShareButton.swift; sourceTree = "<group>"; };
		F0EB53BC2812C5680024E089 /* OldShareButton.swift */ = {isa = PBXFileReference; lastKnownFileType = sourcecode.swift; path = OldShareButton.swift; sourceTree = "<group>"; };
		F0ED2AE12806858300683E6C /* Channel.swift */ = {isa = PBXFileReference; lastKnownFileType = sourcecode.swift; path = Channel.swift; sourceTree = "<group>"; };
		F0ED2AE3280685FD00683E6C /* LiveVideo.swift */ = {isa = PBXFileReference; lastKnownFileType = sourcecode.swift; path = LiveVideo.swift; sourceTree = "<group>"; };
		F0ED2AE52808253700683E6C /* VideoThumbnailView.swift */ = {isa = PBXFileReference; lastKnownFileType = sourcecode.swift; path = VideoThumbnailView.swift; sourceTree = "<group>"; };
		F0ED2AE7280AA2BC00683E6C /* LiveCompactListView.swift */ = {isa = PBXFileReference; lastKnownFileType = sourcecode.swift; path = LiveCompactListView.swift; sourceTree = "<group>"; };
		F0ED2AE9280AA37B00683E6C /* LiveCardListView.swift */ = {isa = PBXFileReference; lastKnownFileType = sourcecode.swift; path = LiveCardListView.swift; sourceTree = "<group>"; };
		F0ED2AEB280AA7D400683E6C /* UpcomingCompactListView.swift */ = {isa = PBXFileReference; lastKnownFileType = sourcecode.swift; path = UpcomingCompactListView.swift; sourceTree = "<group>"; };
		F0ED2AED280AA91E00683E6C /* UpcomingCardListView.swift */ = {isa = PBXFileReference; lastKnownFileType = sourcecode.swift; path = UpcomingCardListView.swift; sourceTree = "<group>"; };
		F0ED2AEF280AC27400683E6C /* LiveViewModel.swift */ = {isa = PBXFileReference; lastKnownFileType = sourcecode.swift; path = LiveViewModel.swift; sourceTree = "<group>"; };
		F0ED2AF1280AC58C00683E6C /* SecretConfig.xcconfig */ = {isa = PBXFileReference; lastKnownFileType = text.xcconfig; path = SecretConfig.xcconfig; sourceTree = "<group>"; };
		F0ED2AF2280AD60D00683E6C /* UpcomingViewModel.swift */ = {isa = PBXFileReference; lastKnownFileType = sourcecode.swift; path = UpcomingViewModel.swift; sourceTree = "<group>"; };
		F0ED2AF4280B606400683E6C /* .gitignore */ = {isa = PBXFileReference; lastKnownFileType = text; path = .gitignore; sourceTree = "<group>"; };
		F0ED2AF6280B640200683E6C /* VideoViewModel.swift */ = {isa = PBXFileReference; lastKnownFileType = sourcecode.swift; path = VideoViewModel.swift; sourceTree = "<group>"; };
		F0ED2B12280CB73D00683E6C /* TopicTagView.swift */ = {isa = PBXFileReference; lastKnownFileType = sourcecode.swift; path = TopicTagView.swift; sourceTree = "<group>"; };
/* End PBXFileReference section */

/* Begin PBXFrameworksBuildPhase section */
		F058189C281CAAF50064EF94 /* Frameworks */ = {
			isa = PBXFrameworksBuildPhase;
			buildActionMask = 2147483647;
			files = (
			);
			runOnlyForDeploymentPostprocessing = 0;
		};
		F0C657B42771F47C004AF802 /* Frameworks */ = {
			isa = PBXFrameworksBuildPhase;
			buildActionMask = 2147483647;
			files = (
				F0EB53BB2812C2490024E089 /* ActivityView in Frameworks */,
				F0EB53AC28107C0D0024E089 /* MarqueeText in Frameworks */,
				F09D25C127FEBA2E001A7D71 /* Algorithms in Frameworks */,
				F0B8E1CD27E90EBA00DC7CF9 /* HTMLString in Frameworks */,
			);
			runOnlyForDeploymentPostprocessing = 0;
		};
/* End PBXFrameworksBuildPhase section */

/* Begin PBXGroup section */
		F05818A0281CAAF50064EF94 /* HoloCalUITests */ = {
			isa = PBXGroup;
			children = (
				F05818A1281CAAF50064EF94 /* HoloCalUITests.swift */,
				F05818A3281CAAF50064EF94 /* HoloCalUITestsLaunchTests.swift */,
			);
			path = HoloCalUITests;
			sourceTree = "<group>";
		};
		F05E9EB027EB27D100EF48DD /* iOS */ = {
			isa = PBXGroup;
			children = (
				F0C657BC2771F47C004AF802 /* LiveView.swift */,
				F0673C0D27732BA3009C65C6 /* UpcomingView.swift */,
				F0433C4D27E99F85000FEADD /* SettingsView.swift */,
			);
			path = iOS;
			sourceTree = "<group>";
		};
		F05E9EB127EB27E800EF48DD /* iPadOS */ = {
			isa = PBXGroup;
			children = (
				F05E9EB227EB27F800EF48DD /* LiveiPadView.swift */,
				F05E9EB427EB290000EF48DD /* UpcomingiPadView.swift */,
				F05E9EB627EB291900EF48DD /* SettingsiPadView.swift */,
				F09D25F228041CC3001A7D71 /* iPadSidebarView.swift */,
			);
			path = iPadOS;
			sourceTree = "<group>";
		};
		F0673C182775FE2B009C65C6 /* Subviews */ = {
			isa = PBXGroup;
			children = (
				F0954BEF2817D83E00369EC4 /* CellElement */,
				F0954BEE2817D82200369EC4 /* VideoList */,
				F0954BED2817D80400369EC4 /* VideoCell */,
				F0EB53B42812BD640024E089 /* Button */,
				F0EB53B32812BCBF0024E089 /* Toolbar */,
				F09D25BD27FC2552001A7D71 /* SettingsTalentStarView.swift */,
				F0114D4E2815F81600B99D4D /* DataStatusIndicatorView.swift */,
				F0954BDF2817C01900369EC4 /* SearchForEachView.swift */,
				F0954BE12817C52700369EC4 /* FavouritedForEachView.swift */,
				F0954BE52817C8BF00369EC4 /* NotFavouritedForEachView.swift */,
				F0581899281BFFDA0064EF94 /* SectionedNotFavouritedForEachView.swift */,
				F0954BDD2817B73E00369EC4 /* SearchSectionView.swift */,
				F0EB53B12812A2E90024E089 /* EventEditView.swift */,
			);
			path = Subviews;
			sourceTree = "<group>";
		};
		F0954BED2817D80400369EC4 /* VideoCell */ = {
			isa = PBXGroup;
			children = (
				F009023F27EE57BA00E343B0 /* LinkedVideoView.swift */,
				F09D25E42802EA09001A7D71 /* SwipableLinkedCellView.swift */,
				F009024527EE6A9F00E343B0 /* VideoContextMenu.swift */,
				F0C657D12771F7CE004AF802 /* LiveCellView.swift */,
				F0673C1127732CE7009C65C6 /* UpcomingCellView.swift */,
				F05E9EB827EB3C6100EF48DD /* LivePaneView.swift */,
				F0BD611A27EC594300A2FBED /* UpcomingPaneView.swift */,
			);
			path = VideoCell;
			sourceTree = "<group>";
		};
		F0954BEE2817D82200369EC4 /* VideoList */ = {
			isa = PBXGroup;
			children = (
				F0ED2AE7280AA2BC00683E6C /* LiveCompactListView.swift */,
				F0ED2AE9280AA37B00683E6C /* LiveCardListView.swift */,
				F0ED2AEB280AA7D400683E6C /* UpcomingCompactListView.swift */,
				F0ED2AED280AA91E00683E6C /* UpcomingCardListView.swift */,
				F0954BE72817CD7800369EC4 /* CardListView.swift */,
				F0954BE92817D0C500369EC4 /* CompactListView.swift */,
				F0954BEB2817D63100369EC4 /* VideoListView.swift */,
			);
			path = VideoList;
			sourceTree = "<group>";
		};
		F0954BEF2817D83E00369EC4 /* CellElement */ = {
			isa = PBXGroup;
			children = (
				F0EB53AF281290490024E089 /* PaneViewButtonRowView.swift */,
				F0673C162775F7FB009C65C6 /* LiveAvatarView.swift */,
				F009023727EDB6AE00E343B0 /* LiveTimeView.swift */,
				F009024327EE5F3100E343B0 /* UpcomingTimeView.swift */,
				F0ED2AE52808253700683E6C /* VideoThumbnailView.swift */,
				F0ED2B12280CB73D00683E6C /* TopicTagView.swift */,
				F0C50A1C2827C4CA00A93225 /* LiveCountView.swift */,
				F0C50A1E2827C6FA00A93225 /* UpcomingCountView.swift */,
			);
			path = CellElement;
			sourceTree = "<group>";
		};
		F0954BF02817D8AC00369EC4 /* Shared */ = {
			isa = PBXGroup;
			children = (
				F0433C5127EAEDDB000FEADD /* OpenSourceView.swift */,
				F080A05027F993DC00DBC08D /* ManageFavoriteView.swift */,
				F09D25C227FEC12D001A7D71 /* SettingsFormView.swift */,
				F0C657D527732690004AF802 /* Util.swift */,
				F0A5B7BB282112FF004E319F /* ManageGenerationView.swift */,
			);
			path = Shared;
			sourceTree = "<group>";
		};
		F0C657AE2771F47C004AF802 = {
			isa = PBXGroup;
			children = (
				F0C657B92771F47C004AF802 /* holo-wtf */,
				F05818A0281CAAF50064EF94 /* HoloCalUITests */,
				F0C657B82771F47C004AF802 /* Products */,
			);
			sourceTree = "<group>";
		};
		F0C657B82771F47C004AF802 /* Products */ = {
			isa = PBXGroup;
			children = (
				F0C657B72771F47C004AF802 /* HoloCal.app */,
				F058189F281CAAF50064EF94 /* HoloCalUITests.xctest */,
			);
			name = Products;
			sourceTree = "<group>";
		};
		F0C657B92771F47C004AF802 /* holo-wtf */ = {
			isa = PBXGroup;
			children = (
				F0C657BA2771F47C004AF802 /* holo_wtfApp.swift */,
				F05E9EB127EB27E800EF48DD /* iPadOS */,
				F05E9EB027EB27D100EF48DD /* iOS */,
				F0954BF02817D8AC00369EC4 /* Shared */,
				F0673C182775FE2B009C65C6 /* Subviews */,
				F0C657D02771F71C004AF802 /* ViewModel */,
				F0C657CA2771F4F3004AF802 /* Models */,
				F0C657C02771F47C004AF802 /* Preview Content */,
				F0C657BE2771F47C004AF802 /* Assets.xcassets */,
				F0204DB827E91A920083750F /* Info.plist */,
				F009023D27EE255B00E343B0 /* Localizable.strings */,
				F0D3AE7027E8241C00FB28EC /* README.md */,
				F0204DB927E925220083750F /* PRIVACY-POLICY.md */,
				F0ED2AF1280AC58C00683E6C /* SecretConfig.xcconfig */,
				F0ED2AF4280B606400683E6C /* .gitignore */,
			);
			path = "holo-wtf";
			sourceTree = "<group>";
		};
		F0C657C02771F47C004AF802 /* Preview Content */ = {
			isa = PBXGroup;
			children = (
				F0C657C12771F47C004AF802 /* Preview Assets.xcassets */,
			);
			path = "Preview Content";
			sourceTree = "<group>";
		};
		F0C657CA2771F4F3004AF802 /* Models */ = {
			isa = PBXGroup;
			children = (
				F080A04E27F95D9E00DBC08D /* Talents.swift */,
				F0ED2AE12806858300683E6C /* Channel.swift */,
				F0ED2AE3280685FD00683E6C /* LiveVideo.swift */,
			);
			path = Models;
			sourceTree = "<group>";
		};
		F0C657D02771F71C004AF802 /* ViewModel */ = {
			isa = PBXGroup;
			children = (
				F0ED2AEF280AC27400683E6C /* LiveViewModel.swift */,
				F0ED2AF2280AD60D00683E6C /* UpcomingViewModel.swift */,
				F0ED2AF6280B640200683E6C /* VideoViewModel.swift */,
			);
			path = ViewModel;
			sourceTree = "<group>";
		};
		F0EB53B32812BCBF0024E089 /* Toolbar */ = {
			isa = PBXGroup;
			children = (
				F009023927EDB85100E343B0 /* LiveViewToolbar.swift */,
				F09D25C828020B12001A7D71 /* UpcomingViewToolbar.swift */,
			);
			path = Toolbar;
			sourceTree = "<group>";
		};
		F0EB53B42812BD640024E089 /* Button */ = {
			isa = PBXGroup;
			children = (
				F0EB53B52812BD6F0024E089 /* FavouriteButton.swift */,
				F0EB53B72812BEAD0024E089 /* ShareButton.swift */,
				F0EB53BC2812C5680024E089 /* OldShareButton.swift */,
			);
			path = Button;
			sourceTree = "<group>";
		};
/* End PBXGroup section */

/* Begin PBXNativeTarget section */
		F058189E281CAAF50064EF94 /* HoloCalUITests */ = {
			isa = PBXNativeTarget;
			buildConfigurationList = F05818A7281CAAF50064EF94 /* Build configuration list for PBXNativeTarget "HoloCalUITests" */;
			buildPhases = (
				F058189B281CAAF50064EF94 /* Sources */,
				F058189C281CAAF50064EF94 /* Frameworks */,
				F058189D281CAAF50064EF94 /* Resources */,
			);
			buildRules = (
			);
			dependencies = (
				F05818A6281CAAF50064EF94 /* PBXTargetDependency */,
			);
			name = HoloCalUITests;
			productName = HoloCalUITests;
			productReference = F058189F281CAAF50064EF94 /* HoloCalUITests.xctest */;
			productType = "com.apple.product-type.bundle.ui-testing";
		};
		F0C657B62771F47C004AF802 /* holo-wtf */ = {
			isa = PBXNativeTarget;
			buildConfigurationList = F0C657C52771F47C004AF802 /* Build configuration list for PBXNativeTarget "holo-wtf" */;
			buildPhases = (
				F0C657B32771F47C004AF802 /* Sources */,
				F0C657B42771F47C004AF802 /* Frameworks */,
				F0C657B52771F47C004AF802 /* Resources */,
			);
			buildRules = (
			);
			dependencies = (
			);
			name = "holo-wtf";
			packageProductDependencies = (
				F0B8E1CC27E90EBA00DC7CF9 /* HTMLString */,
				F09D25C027FEBA2E001A7D71 /* Algorithms */,
				F0EB53AB28107C0D0024E089 /* MarqueeText */,
				F0EB53BA2812C2490024E089 /* ActivityView */,
			);
			productName = "holo-wtf";
			productReference = F0C657B72771F47C004AF802 /* HoloCal.app */;
			productType = "com.apple.product-type.application";
		};
/* End PBXNativeTarget section */

/* Begin PBXProject section */
		F0C657AF2771F47C004AF802 /* Project object */ = {
			isa = PBXProject;
			attributes = {
				BuildIndependentTargetsInParallel = 1;
				LastSwiftUpdateCheck = 1330;
				LastUpgradeCheck = 1320;
				TargetAttributes = {
					F058189E281CAAF50064EF94 = {
						CreatedOnToolsVersion = 13.3.1;
						TestTargetID = F0C657B62771F47C004AF802;
					};
					F0C657B62771F47C004AF802 = {
						CreatedOnToolsVersion = 13.2.1;
					};
				};
			};
			buildConfigurationList = F0C657B22771F47C004AF802 /* Build configuration list for PBXProject "holo-wtf" */;
			compatibilityVersion = "Xcode 13.0";
			developmentRegion = en;
			hasScannedForEncodings = 0;
			knownRegions = (
				en,
				Base,
				ja,
			);
			mainGroup = F0C657AE2771F47C004AF802;
			packageReferences = (
				F0B8E1CB27E90EBA00DC7CF9 /* XCRemoteSwiftPackageReference "HTMLString" */,
				F09D25BF27FEBA2E001A7D71 /* XCRemoteSwiftPackageReference "swift-algorithms" */,
				F0EB53AA28107C0D0024E089 /* XCRemoteSwiftPackageReference "MarqueeText" */,
				F0EB53B92812C2490024E089 /* XCRemoteSwiftPackageReference "ActivityView" */,
			);
			productRefGroup = F0C657B82771F47C004AF802 /* Products */;
			projectDirPath = "";
			projectRoot = "";
			targets = (
				F0C657B62771F47C004AF802 /* holo-wtf */,
				F058189E281CAAF50064EF94 /* HoloCalUITests */,
			);
		};
/* End PBXProject section */

/* Begin PBXResourcesBuildPhase section */
		F058189D281CAAF50064EF94 /* Resources */ = {
			isa = PBXResourcesBuildPhase;
			buildActionMask = 2147483647;
			files = (
			);
			runOnlyForDeploymentPostprocessing = 0;
		};
		F0C657B52771F47C004AF802 /* Resources */ = {
			isa = PBXResourcesBuildPhase;
			buildActionMask = 2147483647;
			files = (
				F0ED2AF5280B606400683E6C /* .gitignore in Resources */,
				F0C657C22771F47C004AF802 /* Preview Assets.xcassets in Resources */,
				F009023B27EE255B00E343B0 /* Localizable.strings in Resources */,
				F0C657BF2771F47C004AF802 /* Assets.xcassets in Resources */,
			);
			runOnlyForDeploymentPostprocessing = 0;
		};
/* End PBXResourcesBuildPhase section */

/* Begin PBXSourcesBuildPhase section */
		F058189B281CAAF50064EF94 /* Sources */ = {
			isa = PBXSourcesBuildPhase;
			buildActionMask = 2147483647;
			files = (
				F05818A2281CAAF50064EF94 /* HoloCalUITests.swift in Sources */,
				F05818A4281CAAF50064EF94 /* HoloCalUITestsLaunchTests.swift in Sources */,
			);
			runOnlyForDeploymentPostprocessing = 0;
		};
		F0C657B32771F47C004AF802 /* Sources */ = {
			isa = PBXSourcesBuildPhase;
			buildActionMask = 2147483647;
			files = (
				F0C50A1F2827C6FA00A93225 /* UpcomingCountView.swift in Sources */,
				F09D25E52802EA09001A7D71 /* SwipableLinkedCellView.swift in Sources */,
				F009023827EDB6AE00E343B0 /* LiveTimeView.swift in Sources */,
				F09D25F328041CC3001A7D71 /* iPadSidebarView.swift in Sources */,
				F0673C172775F7FB009C65C6 /* LiveAvatarView.swift in Sources */,
				F0BD611B27EC594300A2FBED /* UpcomingPaneView.swift in Sources */,
				F0ED2AEC280AA7D400683E6C /* UpcomingCompactListView.swift in Sources */,
				F0954BE62817C8BF00369EC4 /* NotFavouritedForEachView.swift in Sources */,
				F0C657BD2771F47C004AF802 /* LiveView.swift in Sources */,
				F0EB53BD2812C5680024E089 /* OldShareButton.swift in Sources */,
				F0EB53B0281290490024E089 /* PaneViewButtonRowView.swift in Sources */,
				F09D25C928020B12001A7D71 /* UpcomingViewToolbar.swift in Sources */,
				F009024027EE57BA00E343B0 /* LinkedVideoView.swift in Sources */,
				F009024627EE6A9F00E343B0 /* VideoContextMenu.swift in Sources */,
				F080A04F27F95D9E00DBC08D /* Talents.swift in Sources */,
				F0EB53B62812BD6F0024E089 /* FavouriteButton.swift in Sources */,
				F080A05127F993DC00DBC08D /* ManageFavoriteView.swift in Sources */,
				F05E9EB927EB3C6100EF48DD /* LivePaneView.swift in Sources */,
				F0673C1227732CE7009C65C6 /* UpcomingCellView.swift in Sources */,
				F009023A27EDB85100E343B0 /* LiveViewToolbar.swift in Sources */,
				F09D25BE27FC2552001A7D71 /* SettingsTalentStarView.swift in Sources */,
				F0954BEC2817D63100369EC4 /* VideoListView.swift in Sources */,
				F0ED2AE22806858300683E6C /* Channel.swift in Sources */,
				F0954BDE2817B73E00369EC4 /* SearchSectionView.swift in Sources */,
				F0ED2AE4280685FD00683E6C /* LiveVideo.swift in Sources */,
				F0ED2AF3280AD60D00683E6C /* UpcomingViewModel.swift in Sources */,
				F0EB53B82812BEAD0024E089 /* ShareButton.swift in Sources */,
				F0954BEA2817D0C500369EC4 /* CompactListView.swift in Sources */,
				F05E9EB327EB27F800EF48DD /* LiveiPadView.swift in Sources */,
				F0C657D627732690004AF802 /* Util.swift in Sources */,
				F0A5B7BC282112FF004E319F /* ManageGenerationView.swift in Sources */,
				F09D25C327FEC12D001A7D71 /* SettingsFormView.swift in Sources */,
				F05E9EB527EB290000EF48DD /* UpcomingiPadView.swift in Sources */,
				F0ED2AEA280AA37B00683E6C /* LiveCardListView.swift in Sources */,
				F0ED2AF0280AC27400683E6C /* LiveViewModel.swift in Sources */,
				F0ED2AE62808253700683E6C /* VideoThumbnailView.swift in Sources */,
				F0433C4E27E99F85000FEADD /* SettingsView.swift in Sources */,
				F0433C5227EAEDDB000FEADD /* OpenSourceView.swift in Sources */,
				F0ED2AEE280AA91E00683E6C /* UpcomingCardListView.swift in Sources */,
				F0ED2AF7280B640200683E6C /* VideoViewModel.swift in Sources */,
				F058189A281BFFDA0064EF94 /* SectionedNotFavouritedForEachView.swift in Sources */,
				F0ED2B13280CB73D00683E6C /* TopicTagView.swift in Sources */,
				F0EB53B22812A2E90024E089 /* EventEditView.swift in Sources */,
				F0114D4F2815F81600B99D4D /* DataStatusIndicatorView.swift in Sources */,
				F05E9EB727EB291900EF48DD /* SettingsiPadView.swift in Sources */,
				F0ED2AE8280AA2BC00683E6C /* LiveCompactListView.swift in Sources */,
				F0954BE22817C52700369EC4 /* FavouritedForEachView.swift in Sources */,
				F0C50A1D2827C4CA00A93225 /* LiveCountView.swift in Sources */,
				F0C657D22771F7CE004AF802 /* LiveCellView.swift in Sources */,
				F009024427EE5F3100E343B0 /* UpcomingTimeView.swift in Sources */,
				F0C657BB2771F47C004AF802 /* holo_wtfApp.swift in Sources */,
				F0673C0E27732BA3009C65C6 /* UpcomingView.swift in Sources */,
				F0954BE82817CD7800369EC4 /* CardListView.swift in Sources */,
				F0954BE02817C01900369EC4 /* SearchForEachView.swift in Sources */,
			);
			runOnlyForDeploymentPostprocessing = 0;
		};
/* End PBXSourcesBuildPhase section */

/* Begin PBXTargetDependency section */
		F05818A6281CAAF50064EF94 /* PBXTargetDependency */ = {
			isa = PBXTargetDependency;
			target = F0C657B62771F47C004AF802 /* holo-wtf */;
			targetProxy = F05818A5281CAAF50064EF94 /* PBXContainerItemProxy */;
		};
/* End PBXTargetDependency section */

/* Begin PBXVariantGroup section */
		F009023D27EE255B00E343B0 /* Localizable.strings */ = {
			isa = PBXVariantGroup;
			children = (
				F009023C27EE255B00E343B0 /* ja */,
				F009023E27EE258500E343B0 /* en */,
			);
			name = Localizable.strings;
			sourceTree = "<group>";
		};
/* End PBXVariantGroup section */

/* Begin XCBuildConfiguration section */
		F05818A8281CAAF50064EF94 /* Debug */ = {
			isa = XCBuildConfiguration;
			buildSettings = {
				CODE_SIGN_STYLE = Automatic;
				CURRENT_PROJECT_VERSION = 1;
				DEVELOPMENT_TEAM = NTH2V9C699;
				GENERATE_INFOPLIST_FILE = YES;
				IPHONEOS_DEPLOYMENT_TARGET = 15.4;
				MARKETING_VERSION = 1.0;
				PRODUCT_BUNDLE_IDENTIFIER = "io.skk-tj.HoloCalUITests";
				PRODUCT_NAME = "$(TARGET_NAME)";
				SWIFT_EMIT_LOC_STRINGS = NO;
				SWIFT_VERSION = 5.0;
				TARGETED_DEVICE_FAMILY = "1,2";
				TEST_TARGET_NAME = "holo-wtf";
			};
			name = Debug;
		};
		F05818A9281CAAF50064EF94 /* Release */ = {
			isa = XCBuildConfiguration;
			buildSettings = {
				CODE_SIGN_STYLE = Automatic;
				CURRENT_PROJECT_VERSION = 1;
				DEVELOPMENT_TEAM = NTH2V9C699;
				GENERATE_INFOPLIST_FILE = YES;
				IPHONEOS_DEPLOYMENT_TARGET = 15.4;
				MARKETING_VERSION = 1.0;
				PRODUCT_BUNDLE_IDENTIFIER = "io.skk-tj.HoloCalUITests";
				PRODUCT_NAME = "$(TARGET_NAME)";
				SWIFT_EMIT_LOC_STRINGS = NO;
				SWIFT_VERSION = 5.0;
				TARGETED_DEVICE_FAMILY = "1,2";
				TEST_TARGET_NAME = "holo-wtf";
			};
			name = Release;
		};
		F0C657C32771F47C004AF802 /* Debug */ = {
			isa = XCBuildConfiguration;
			baseConfigurationReference = F0ED2AF1280AC58C00683E6C /* SecretConfig.xcconfig */;
			buildSettings = {
				ALWAYS_SEARCH_USER_PATHS = NO;
				CLANG_ANALYZER_NONNULL = YES;
				CLANG_ANALYZER_NUMBER_OBJECT_CONVERSION = YES_AGGRESSIVE;
				CLANG_CXX_LANGUAGE_STANDARD = "gnu++17";
				CLANG_CXX_LIBRARY = "libc++";
				CLANG_ENABLE_MODULES = YES;
				CLANG_ENABLE_OBJC_ARC = YES;
				CLANG_ENABLE_OBJC_WEAK = YES;
				CLANG_WARN_BLOCK_CAPTURE_AUTORELEASING = YES;
				CLANG_WARN_BOOL_CONVERSION = YES;
				CLANG_WARN_COMMA = YES;
				CLANG_WARN_CONSTANT_CONVERSION = YES;
				CLANG_WARN_DEPRECATED_OBJC_IMPLEMENTATIONS = YES;
				CLANG_WARN_DIRECT_OBJC_ISA_USAGE = YES_ERROR;
				CLANG_WARN_DOCUMENTATION_COMMENTS = YES;
				CLANG_WARN_EMPTY_BODY = YES;
				CLANG_WARN_ENUM_CONVERSION = YES;
				CLANG_WARN_INFINITE_RECURSION = YES;
				CLANG_WARN_INT_CONVERSION = YES;
				CLANG_WARN_NON_LITERAL_NULL_CONVERSION = YES;
				CLANG_WARN_OBJC_IMPLICIT_RETAIN_SELF = YES;
				CLANG_WARN_OBJC_LITERAL_CONVERSION = YES;
				CLANG_WARN_OBJC_ROOT_CLASS = YES_ERROR;
				CLANG_WARN_QUOTED_INCLUDE_IN_FRAMEWORK_HEADER = YES;
				CLANG_WARN_RANGE_LOOP_ANALYSIS = YES;
				CLANG_WARN_STRICT_PROTOTYPES = YES;
				CLANG_WARN_SUSPICIOUS_MOVE = YES;
				CLANG_WARN_UNGUARDED_AVAILABILITY = YES_AGGRESSIVE;
				CLANG_WARN_UNREACHABLE_CODE = YES;
				CLANG_WARN__DUPLICATE_METHOD_MATCH = YES;
				COPY_PHASE_STRIP = NO;
				DEBUG_INFORMATION_FORMAT = dwarf;
				ENABLE_STRICT_OBJC_MSGSEND = YES;
				ENABLE_TESTABILITY = YES;
				GCC_C_LANGUAGE_STANDARD = gnu11;
				GCC_DYNAMIC_NO_PIC = NO;
				GCC_NO_COMMON_BLOCKS = YES;
				GCC_OPTIMIZATION_LEVEL = 0;
				GCC_PREPROCESSOR_DEFINITIONS = (
					"DEBUG=1",
					"$(inherited)",
				);
				GCC_WARN_64_TO_32_BIT_CONVERSION = YES;
				GCC_WARN_ABOUT_RETURN_TYPE = YES_ERROR;
				GCC_WARN_UNDECLARED_SELECTOR = YES;
				GCC_WARN_UNINITIALIZED_AUTOS = YES_AGGRESSIVE;
				GCC_WARN_UNUSED_FUNCTION = YES;
				GCC_WARN_UNUSED_VARIABLE = YES;
				IPHONEOS_DEPLOYMENT_TARGET = 15.3;
				MTL_ENABLE_DEBUG_INFO = INCLUDE_SOURCE;
				MTL_FAST_MATH = YES;
				ONLY_ACTIVE_ARCH = YES;
				SDKROOT = iphoneos;
				SWIFT_ACTIVE_COMPILATION_CONDITIONS = DEBUG;
				SWIFT_OPTIMIZATION_LEVEL = "-Onone";
			};
			name = Debug;
		};
		F0C657C42771F47C004AF802 /* Release */ = {
			isa = XCBuildConfiguration;
			baseConfigurationReference = F0ED2AF1280AC58C00683E6C /* SecretConfig.xcconfig */;
			buildSettings = {
				ALWAYS_SEARCH_USER_PATHS = NO;
				CLANG_ANALYZER_NONNULL = YES;
				CLANG_ANALYZER_NUMBER_OBJECT_CONVERSION = YES_AGGRESSIVE;
				CLANG_CXX_LANGUAGE_STANDARD = "gnu++17";
				CLANG_CXX_LIBRARY = "libc++";
				CLANG_ENABLE_MODULES = YES;
				CLANG_ENABLE_OBJC_ARC = YES;
				CLANG_ENABLE_OBJC_WEAK = YES;
				CLANG_WARN_BLOCK_CAPTURE_AUTORELEASING = YES;
				CLANG_WARN_BOOL_CONVERSION = YES;
				CLANG_WARN_COMMA = YES;
				CLANG_WARN_CONSTANT_CONVERSION = YES;
				CLANG_WARN_DEPRECATED_OBJC_IMPLEMENTATIONS = YES;
				CLANG_WARN_DIRECT_OBJC_ISA_USAGE = YES_ERROR;
				CLANG_WARN_DOCUMENTATION_COMMENTS = YES;
				CLANG_WARN_EMPTY_BODY = YES;
				CLANG_WARN_ENUM_CONVERSION = YES;
				CLANG_WARN_INFINITE_RECURSION = YES;
				CLANG_WARN_INT_CONVERSION = YES;
				CLANG_WARN_NON_LITERAL_NULL_CONVERSION = YES;
				CLANG_WARN_OBJC_IMPLICIT_RETAIN_SELF = YES;
				CLANG_WARN_OBJC_LITERAL_CONVERSION = YES;
				CLANG_WARN_OBJC_ROOT_CLASS = YES_ERROR;
				CLANG_WARN_QUOTED_INCLUDE_IN_FRAMEWORK_HEADER = YES;
				CLANG_WARN_RANGE_LOOP_ANALYSIS = YES;
				CLANG_WARN_STRICT_PROTOTYPES = YES;
				CLANG_WARN_SUSPICIOUS_MOVE = YES;
				CLANG_WARN_UNGUARDED_AVAILABILITY = YES_AGGRESSIVE;
				CLANG_WARN_UNREACHABLE_CODE = YES;
				CLANG_WARN__DUPLICATE_METHOD_MATCH = YES;
				COPY_PHASE_STRIP = NO;
				DEBUG_INFORMATION_FORMAT = "dwarf-with-dsym";
				ENABLE_NS_ASSERTIONS = NO;
				ENABLE_STRICT_OBJC_MSGSEND = YES;
				GCC_C_LANGUAGE_STANDARD = gnu11;
				GCC_NO_COMMON_BLOCKS = YES;
				GCC_WARN_64_TO_32_BIT_CONVERSION = YES;
				GCC_WARN_ABOUT_RETURN_TYPE = YES_ERROR;
				GCC_WARN_UNDECLARED_SELECTOR = YES;
				GCC_WARN_UNINITIALIZED_AUTOS = YES_AGGRESSIVE;
				GCC_WARN_UNUSED_FUNCTION = YES;
				GCC_WARN_UNUSED_VARIABLE = YES;
				IPHONEOS_DEPLOYMENT_TARGET = 15.3;
				MTL_ENABLE_DEBUG_INFO = NO;
				MTL_FAST_MATH = YES;
				SDKROOT = iphoneos;
				SWIFT_COMPILATION_MODE = wholemodule;
				SWIFT_OPTIMIZATION_LEVEL = "-O";
				VALIDATE_PRODUCT = YES;
			};
			name = Release;
		};
		F0C657C62771F47C004AF802 /* Debug */ = {
			isa = XCBuildConfiguration;
			buildSettings = {
				ASSETCATALOG_COMPILER_APPICON_NAME = AppIcon;
				ASSETCATALOG_COMPILER_GLOBAL_ACCENT_COLOR_NAME = AccentColor;
				CODE_SIGN_STYLE = Automatic;
				CURRENT_PROJECT_VERSION = 49;
				DEVELOPMENT_ASSET_PATHS = "\"holo-wtf/Preview Content\"";
				DEVELOPMENT_TEAM = NTH2V9C699;
				ENABLE_PREVIEWS = YES;
				GENERATE_INFOPLIST_FILE = YES;
				INFOPLIST_FILE = "holo-wtf/Info.plist";
				INFOPLIST_KEY_NSCalendarsUsageDescription = "HoloCal requires access to your Calendar in order to save events to your Calendar. ";
				INFOPLIST_KEY_UIApplicationSceneManifest_Generation = YES;
				INFOPLIST_KEY_UIApplicationSupportsIndirectInputEvents = YES;
				INFOPLIST_KEY_UILaunchScreen_Generation = YES;
				INFOPLIST_KEY_UISupportedInterfaceOrientations = UIInterfaceOrientationPortrait;
				INFOPLIST_KEY_UISupportedInterfaceOrientations_iPad = "UIInterfaceOrientationPortrait UIInterfaceOrientationPortraitUpsideDown UIInterfaceOrientationLandscapeLeft UIInterfaceOrientationLandscapeRight";
				INFOPLIST_KEY_UISupportedInterfaceOrientations_iPhone = "UIInterfaceOrientationPortrait UIInterfaceOrientationLandscapeLeft UIInterfaceOrientationLandscapeRight";
				IPHONEOS_DEPLOYMENT_TARGET = 15.3;
				LD_RUNPATH_SEARCH_PATHS = (
					"$(inherited)",
					"@executable_path/Frameworks",
				);
				MARKETING_VERSION = 1.4.5;
				PRODUCT_BUNDLE_IDENTIFIER = "io.skk-tj.holo-wtf";
				PRODUCT_NAME = HoloCal;
				SWIFT_EMIT_LOC_STRINGS = YES;
				SWIFT_VERSION = 5.0;
				TARGETED_DEVICE_FAMILY = "1,2";
			};
			name = Debug;
		};
		F0C657C72771F47C004AF802 /* Release */ = {
			isa = XCBuildConfiguration;
			buildSettings = {
				ASSETCATALOG_COMPILER_APPICON_NAME = AppIcon;
				ASSETCATALOG_COMPILER_GLOBAL_ACCENT_COLOR_NAME = AccentColor;
				CODE_SIGN_STYLE = Automatic;
				CURRENT_PROJECT_VERSION = 49;
				DEVELOPMENT_ASSET_PATHS = "\"holo-wtf/Preview Content\"";
				DEVELOPMENT_TEAM = NTH2V9C699;
				ENABLE_PREVIEWS = YES;
				GENERATE_INFOPLIST_FILE = YES;
				INFOPLIST_FILE = "holo-wtf/Info.plist";
				INFOPLIST_KEY_NSCalendarsUsageDescription = "HoloCal requires access to your Calendar in order to save events to your Calendar. ";
				INFOPLIST_KEY_UIApplicationSceneManifest_Generation = YES;
				INFOPLIST_KEY_UIApplicationSupportsIndirectInputEvents = YES;
				INFOPLIST_KEY_UILaunchScreen_Generation = YES;
				INFOPLIST_KEY_UISupportedInterfaceOrientations = UIInterfaceOrientationPortrait;
				INFOPLIST_KEY_UISupportedInterfaceOrientations_iPad = "UIInterfaceOrientationPortrait UIInterfaceOrientationPortraitUpsideDown UIInterfaceOrientationLandscapeLeft UIInterfaceOrientationLandscapeRight";
				INFOPLIST_KEY_UISupportedInterfaceOrientations_iPhone = "UIInterfaceOrientationPortrait UIInterfaceOrientationLandscapeLeft UIInterfaceOrientationLandscapeRight";
				IPHONEOS_DEPLOYMENT_TARGET = 15.3;
				LD_RUNPATH_SEARCH_PATHS = (
					"$(inherited)",
					"@executable_path/Frameworks",
				);
				MARKETING_VERSION = 1.4.5;
				PRODUCT_BUNDLE_IDENTIFIER = "io.skk-tj.holo-wtf";
				PRODUCT_NAME = HoloCal;
				SWIFT_EMIT_LOC_STRINGS = YES;
				SWIFT_VERSION = 5.0;
				TARGETED_DEVICE_FAMILY = "1,2";
			};
			name = Release;
		};
/* End XCBuildConfiguration section */

/* Begin XCConfigurationList section */
		F05818A7281CAAF50064EF94 /* Build configuration list for PBXNativeTarget "HoloCalUITests" */ = {
			isa = XCConfigurationList;
			buildConfigurations = (
				F05818A8281CAAF50064EF94 /* Debug */,
				F05818A9281CAAF50064EF94 /* Release */,
			);
			defaultConfigurationIsVisible = 0;
			defaultConfigurationName = Release;
		};
		F0C657B22771F47C004AF802 /* Build configuration list for PBXProject "holo-wtf" */ = {
			isa = XCConfigurationList;
			buildConfigurations = (
				F0C657C32771F47C004AF802 /* Debug */,
				F0C657C42771F47C004AF802 /* Release */,
			);
			defaultConfigurationIsVisible = 0;
			defaultConfigurationName = Release;
		};
		F0C657C52771F47C004AF802 /* Build configuration list for PBXNativeTarget "holo-wtf" */ = {
			isa = XCConfigurationList;
			buildConfigurations = (
				F0C657C62771F47C004AF802 /* Debug */,
				F0C657C72771F47C004AF802 /* Release */,
			);
			defaultConfigurationIsVisible = 0;
			defaultConfigurationName = Release;
		};
/* End XCConfigurationList section */

/* Begin XCRemoteSwiftPackageReference section */
		F09D25BF27FEBA2E001A7D71 /* XCRemoteSwiftPackageReference "swift-algorithms" */ = {
			isa = XCRemoteSwiftPackageReference;
			repositoryURL = "https://github.com/apple/swift-algorithms.git";
			requirement = {
				kind = upToNextMajorVersion;
				minimumVersion = 1.0.0;
			};
		};
		F0B8E1CB27E90EBA00DC7CF9 /* XCRemoteSwiftPackageReference "HTMLString" */ = {
			isa = XCRemoteSwiftPackageReference;
			repositoryURL = "https://github.com/alexaubry/HTMLString";
			requirement = {
				kind = upToNextMajorVersion;
				minimumVersion = 6.0.0;
			};
		};
		F0EB53AA28107C0D0024E089 /* XCRemoteSwiftPackageReference "MarqueeText" */ = {
			isa = XCRemoteSwiftPackageReference;
			repositoryURL = "https://github.com/joekndy/MarqueeText.git";
			requirement = {
				kind = revision;
				revision = c6214a470c2c7f2b9add671722b4bb402126bce9;
			};
		};
		F0EB53B92812C2490024E089 /* XCRemoteSwiftPackageReference "ActivityView" */ = {
			isa = XCRemoteSwiftPackageReference;
			repositoryURL = "https://github.com/SwiftUI-Plus/ActivityView";
			requirement = {
				kind = upToNextMajorVersion;
				minimumVersion = 1.0.0;
			};
		};
/* End XCRemoteSwiftPackageReference section */

/* Begin XCSwiftPackageProductDependency section */
		F09D25C027FEBA2E001A7D71 /* Algorithms */ = {
			isa = XCSwiftPackageProductDependency;
			package = F09D25BF27FEBA2E001A7D71 /* XCRemoteSwiftPackageReference "swift-algorithms" */;
			productName = Algorithms;
		};
		F0B8E1CC27E90EBA00DC7CF9 /* HTMLString */ = {
			isa = XCSwiftPackageProductDependency;
			package = F0B8E1CB27E90EBA00DC7CF9 /* XCRemoteSwiftPackageReference "HTMLString" */;
			productName = HTMLString;
		};
		F0EB53AB28107C0D0024E089 /* MarqueeText */ = {
			isa = XCSwiftPackageProductDependency;
			package = F0EB53AA28107C0D0024E089 /* XCRemoteSwiftPackageReference "MarqueeText" */;
			productName = MarqueeText;
		};
		F0EB53BA2812C2490024E089 /* ActivityView */ = {
			isa = XCSwiftPackageProductDependency;
			package = F0EB53B92812C2490024E089 /* XCRemoteSwiftPackageReference "ActivityView" */;
			productName = ActivityView;
		};
/* End XCSwiftPackageProductDependency section */
	};
	rootObject = F0C657AF2771F47C004AF802 /* Project object */;
}
